{
  "version": 4,
  "terraform_version": "1.2.9",
  "serial": 27,
  "lineage": "927b4203-0514-e85a-2796-68574d7daee6",
  "outputs": {},
  "resources": [
    {
      "mode": "data",
      "type": "tfe_organization",
      "name": "org",
      "provider": "provider[\"registry.terraform.io/hashicorp/tfe\"]",
      "instances": [
        {
          "schema_version": 0,
          "attributes": {
            "assessments_enforced": false,
            "collaborator_auth_policy": "password",
            "cost_estimation_enabled": true,
            "email": "jpapazian@hashicorp.com",
            "external_id": "org-ewRKfgBHnzcYPfs1",
            "id": "org-ewRKfgBHnzcYPfs1",
            "name": "jpapazian-org",
            "owners_team_saml_role_id": "",
            "send_passing_statuses_for_untriggered_speculative_plans": true,
            "two_factor_conformant": true
          },
          "sensitive_attributes": []
        }
      ]
    },
    {
      "mode": "data",
      "type": "tfe_variable_set",
      "name": "aws",
      "provider": "provider[\"registry.terraform.io/hashicorp/tfe\"]",
      "instances": [
        {
          "schema_version": 0,
          "attributes": {
            "description": "",
            "global": false,
            "id": "varset-Eu9fwzc65S41bPEc",
            "name": "aws_credentials",
            "organization": "jpapazian-org",
            "variable_ids": [
              "var-2pZGogXPeRGo6Uz5",
              "var-iuhSHGo4kq3Z7tMf",
              "var-omfgm8QUmYyn5of5"
            ],
            "workspace_ids": [
              "ws-BWB9Vgj8daQ5md2n",
              "ws-KFvrVYuRLB9TApu9",
              "ws-q6pvRivGxrW3GP3i"
            ]
          },
          "sensitive_attributes": []
        }
      ]
    },
    {
      "mode": "data",
      "type": "tfe_variable_set",
      "name": "google",
      "provider": "provider[\"registry.terraform.io/hashicorp/tfe\"]",
      "instances": [
        {
          "schema_version": 0,
          "attributes": {
            "description": "",
            "global": false,
            "id": "varset-QRDGXCXsXzbLGN71",
            "name": "google_credentials",
            "organization": "jpapazian-org",
            "variable_ids": [
              "var-PdnAFkuqZ878k81t",
              "var-Qg8xiBS4EgfVuji6",
              "var-jA64GkM3JiwhHLZq",
              "var-ur8dj6zdnNsSy1rw"
            ],
            "workspace_ids": [
              "ws-DettLJDYoWfPkC2L",
              "ws-Ema2y43SM9gCGrKA",
              "ws-MbuCL1zhh48kiGcB",
              "ws-jHLRFC5NbSRpacqu",
              "ws-mbpF41PPCYuVEfzL",
              "ws-q6pvRivGxrW3GP3i"
            ]
          },
          "sensitive_attributes": []
        }
      ]
    },
    {
      "mode": "data",
      "type": "tfe_variable_set",
      "name": "hcp",
      "provider": "provider[\"registry.terraform.io/hashicorp/tfe\"]",
      "instances": [
        {
          "schema_version": 0,
          "attributes": {
            "description": "",
            "global": false,
            "id": "varset-5FfTuLnBrf1QG56P",
            "name": "hcp_credentials",
            "organization": "jpapazian-org",
            "variable_ids": [
              "var-CEtH1dXkR3FxdC15",
              "var-D3Za2gYsHqLW4jyy"
            ],
            "workspace_ids": [
              "ws-DettLJDYoWfPkC2L",
              "ws-Ema2y43SM9gCGrKA",
              "ws-mbpF41PPCYuVEfzL",
              "ws-q6pvRivGxrW3GP3i"
            ]
          },
          "sensitive_attributes": []
        }
      ]
    },
    {
      "mode": "data",
      "type": "tfe_variable_set",
      "name": "mandatory_tags",
      "provider": "provider[\"registry.terraform.io/hashicorp/tfe\"]",
      "instances": [
        {
          "schema_version": 0,
          "attributes": {
            "description": "",
            "global": false,
            "id": "varset-EX1GSHxEFMVQBQyu",
            "name": "Mandatory_Tags",
            "organization": "jpapazian-org",
            "variable_ids": [
              "var-7dxHFP6WAUbvJUaQ",
              "var-CvkvPVGuHrtqKFCb",
              "var-GJCPdWzxUp6RiqsH",
              "var-PaApUAbHb2wSqRXo",
              "var-e3BqjFuZBcwK9BSi"
            ],
            "workspace_ids": [
              "ws-DettLJDYoWfPkC2L",
              "ws-Ema2y43SM9gCGrKA",
              "ws-mbpF41PPCYuVEfzL",
              "ws-q6pvRivGxrW3GP3i"
            ]
          },
          "sensitive_attributes": []
        }
      ]
    },
    {
      "mode": "managed",
      "type": "tfe_oauth_client",
      "name": "creds",
      "provider": "provider[\"registry.terraform.io/hashicorp/tfe\"]",
      "instances": [
        {
          "schema_version": 0,
          "attributes": {
            "api_url": "https://api.github.com",
            "http_url": "https://github.com",
            "id": "oc-uxwuSrEwARZtQtkY",
            "key": null,
            "name": "jpapazian-oauth-client",
            "oauth_token": "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",
            "oauth_token_id": "ot-tgq4ZPFrU3QipaHY",
            "organization": "jpapazian-org",
            "private_key": null,
            "rsa_public_key": null,
            "secret": null,
            "service_provider": "github"
          },
          "sensitive_attributes": [
            [
              {
                "type": "get_attr",
                "value": "oauth_token"
              }
            ]
          ],
          "private": "bnVsbA=="
        }
      ]
    },
    {
      "mode": "managed",
      "type": "tfe_variable",
      "name": "boundary_pwd",
      "provider": "provider[\"registry.terraform.io/hashicorp/tfe\"]",
      "instances": [
        {
          "schema_version": 1,
          "attributes": {
            "category": "terraform",
            "description": "password to connect to the provisionned boundary instance",
            "hcl": false,
            "id": "var-jmMRtTLFjqbo41mL",
            "key": "boundary_pwd",
            "sensitive": true,
            "value": "B0nd4R1",
            "variable_set_id": null,
            "workspace_id": "ws-ky4y8MfShXsX4pRJ"
          },
          "sensitive_attributes": [
            [
              {
                "type": "get_attr",
                "value": "value"
              }
            ]
          ],
          "private": "eyJzY2hlbWFfdmVyc2lvbiI6IjEifQ==",
          "dependencies": [
            "data.tfe_organization.org",
            "tfe_oauth_client.creds",
            "tfe_workspace.build",
            "tfe_workspace.conf"
          ]
        }
      ]
    },
    {
      "mode": "managed",
      "type": "tfe_variable",
      "name": "boundary_user",
      "provider": "provider[\"registry.terraform.io/hashicorp/tfe\"]",
      "instances": [
        {
          "schema_version": 1,
          "attributes": {
            "category": "terraform",
            "description": "admin user of the boundary cluster ",
            "hcl": false,
            "id": "var-1zrGRHkkNbGdH7Cs",
            "key": "boundary_user",
            "sensitive": false,
            "value": "b-admin",
            "variable_set_id": null,
            "workspace_id": "ws-ky4y8MfShXsX4pRJ"
          },
          "sensitive_attributes": [],
          "private": "eyJzY2hlbWFfdmVyc2lvbiI6IjEifQ==",
          "dependencies": [
            "data.tfe_organization.org",
            "tfe_oauth_client.creds",
            "tfe_workspace.build",
            "tfe_workspace.conf"
          ]
        }
      ]
    },
    {
      "mode": "managed",
      "type": "tfe_variable",
      "name": "cluster",
      "provider": "provider[\"registry.terraform.io/hashicorp/tfe\"]",
      "instances": [
        {
          "schema_version": 1,
          "attributes": {
            "category": "terraform",
            "description": "name of the proivsionned boundary cluster ",
            "hcl": false,
            "id": "var-WPh9fphkU3wGeLdn",
            "key": "boundary_cluster_name",
            "sensitive": false,
            "value": "boundary_cluster",
            "variable_set_id": null,
            "workspace_id": "ws-ky4y8MfShXsX4pRJ"
          },
          "sensitive_attributes": [],
          "private": "eyJzY2hlbWFfdmVyc2lvbiI6IjEifQ==",
          "dependencies": [
            "data.tfe_organization.org",
            "tfe_oauth_client.creds",
            "tfe_workspace.build",
            "tfe_workspace.conf"
          ]
        }
      ]
    },
    {
      "mode": "managed",
      "type": "tfe_variable",
      "name": "google_subnet_prefix",
      "provider": "provider[\"registry.terraform.io/hashicorp/tfe\"]",
      "instances": [
        {
          "schema_version": 1,
          "attributes": {
            "category": "terraform",
            "description": "subnet in google in which to provision the database",
            "hcl": false,
            "id": "var-oSCPDuCGXEt4SMmB",
            "key": "google_subnet_prefix",
            "sensitive": false,
            "value": "10.0.10.0/24",
            "variable_set_id": null,
            "workspace_id": "ws-ky4y8MfShXsX4pRJ"
          },
          "sensitive_attributes": [],
          "private": "eyJzY2hlbWFfdmVyc2lvbiI6IjEifQ==",
          "dependencies": [
            "data.tfe_organization.org",
            "tfe_oauth_client.creds",
            "tfe_workspace.build",
            "tfe_workspace.conf"
          ]
        }
      ]
    },
    {
      "mode": "managed",
      "type": "tfe_variable",
      "name": "pgsql_admin_pwd",
      "provider": "provider[\"registry.terraform.io/hashicorp/tfe\"]",
      "instances": [
        {
          "schema_version": 1,
          "attributes": {
            "category": "terraform",
            "description": "pwd  of the admin db",
            "hcl": false,
            "id": "var-DhBdNdFyZs4dqP4Y",
            "key": "pgsql_admin_pwd",
            "sensitive": false,
            "value": "B0nd4R1",
            "variable_set_id": null,
            "workspace_id": "ws-ky4y8MfShXsX4pRJ"
          },
          "sensitive_attributes": [
            [
              {
                "type": "get_attr",
                "value": "value"
              }
            ]
          ],
          "private": "eyJzY2hlbWFfdmVyc2lvbiI6IjEifQ==",
          "dependencies": [
            "data.tfe_organization.org",
            "tfe_oauth_client.creds",
            "tfe_workspace.build",
            "tfe_workspace.conf"
          ]
        }
      ]
    },
    {
      "mode": "managed",
      "type": "tfe_variable",
      "name": "pgsql_admin_user",
      "provider": "provider[\"registry.terraform.io/hashicorp/tfe\"]",
      "instances": [
        {
          "schema_version": 1,
          "attributes": {
            "category": "terraform",
            "description": "admin user of the pgsql db",
            "hcl": false,
            "id": "var-6Zibm7hNCuHMhZ66",
            "key": "pgsql_admin_user",
            "sensitive": false,
            "value": "adminuser",
            "variable_set_id": null,
            "workspace_id": "ws-ky4y8MfShXsX4pRJ"
          },
          "sensitive_attributes": [],
          "private": "eyJzY2hlbWFfdmVyc2lvbiI6IjEifQ==",
          "dependencies": [
            "data.tfe_organization.org",
            "tfe_oauth_client.creds",
            "tfe_workspace.build",
            "tfe_workspace.conf"
          ]
        }
      ]
    },
    {
      "mode": "managed",
      "type": "tfe_variable",
      "name": "pgsql_db_name",
      "provider": "provider[\"registry.terraform.io/hashicorp/tfe\"]",
      "instances": [
        {
          "schema_version": 1,
          "attributes": {
            "category": "terraform",
            "description": "name of the database in the pgsql instance to connect to",
            "hcl": false,
            "id": "var-j5UDmDPyNNu7Bqjq",
            "key": "pgsql_db_name",
            "sensitive": false,
            "value": "northwind",
            "variable_set_id": null,
            "workspace_id": "ws-ky4y8MfShXsX4pRJ"
          },
          "sensitive_attributes": [],
          "private": "eyJzY2hlbWFfdmVyc2lvbiI6IjEifQ==",
          "dependencies": [
            "data.tfe_organization.org",
            "tfe_oauth_client.creds",
            "tfe_workspace.build",
            "tfe_workspace.conf"
          ]
        }
      ]
    },
    {
      "mode": "managed",
      "type": "tfe_variable",
      "name": "pgsql_server_name",
      "provider": "provider[\"registry.terraform.io/hashicorp/tfe\"]",
      "instances": [
        {
          "schema_version": 1,
          "attributes": {
            "category": "terraform",
            "description": "name of the pgsql compute instance",
            "hcl": false,
            "id": "var-GEmgEwPm8RLrwvZ1",
            "key": "pgsql_server_name",
            "sensitive": false,
            "value": "jpapazian-pgsql",
            "variable_set_id": null,
            "workspace_id": "ws-ky4y8MfShXsX4pRJ"
          },
          "sensitive_attributes": [],
          "private": "eyJzY2hlbWFfdmVyc2lvbiI6IjEifQ==",
          "dependencies": [
            "data.tfe_organization.org",
            "tfe_oauth_client.creds",
            "tfe_workspace.build",
            "tfe_workspace.conf"
          ]
        }
      ]
    },
    {
      "mode": "managed",
      "type": "tfe_variable",
      "name": "pgsql_vault_name",
      "provider": "provider[\"registry.terraform.io/hashicorp/tfe\"]",
      "instances": [
        {
          "schema_version": 1,
          "attributes": {
            "category": "terraform",
            "description": "user that vault will use to connect to the instance",
            "hcl": false,
            "id": "var-K9Svn4LQMeJUcQSN",
            "key": "pgsql_vault_name",
            "sensitive": false,
            "value": "vault",
            "variable_set_id": null,
            "workspace_id": "ws-ky4y8MfShXsX4pRJ"
          },
          "sensitive_attributes": [],
          "private": "eyJzY2hlbWFfdmVyc2lvbiI6IjEifQ==",
          "dependencies": [
            "data.tfe_organization.org",
            "tfe_oauth_client.creds",
            "tfe_workspace.build",
            "tfe_workspace.conf"
          ]
        }
      ]
    },
    {
      "mode": "managed",
      "type": "tfe_variable",
      "name": "pgsql_vault_pwd",
      "provider": "provider[\"registry.terraform.io/hashicorp/tfe\"]",
      "instances": [
        {
          "schema_version": 1,
          "attributes": {
            "category": "terraform",
            "description": "pwd that vault will use to connect to the instance",
            "hcl": false,
            "id": "var-pyvCkricEJgLDTVk",
            "key": "pgsql_vault_pwd",
            "sensitive": true,
            "value": "vault-password",
            "variable_set_id": null,
            "workspace_id": "ws-ky4y8MfShXsX4pRJ"
          },
          "sensitive_attributes": [
            [
              {
                "type": "get_attr",
                "value": "value"
              }
            ]
          ],
          "private": "eyJzY2hlbWFfdmVyc2lvbiI6IjEifQ==",
          "dependencies": [
            "data.tfe_organization.org",
            "tfe_oauth_client.creds",
            "tfe_workspace.build",
            "tfe_workspace.conf"
          ]
        }
      ]
    },
    {
      "mode": "managed",
      "type": "tfe_variable",
      "name": "region",
      "provider": "provider[\"registry.terraform.io/hashicorp/tfe\"]",
      "instances": [
        {
          "schema_version": 1,
          "attributes": {
            "category": "terraform",
            "description": "HCP HVN Region for the vault/boundary infra",
            "hcl": false,
            "id": "var-58K4CE7Q1V5q17QW",
            "key": "region",
            "sensitive": false,
            "value": "eu-central-1",
            "variable_set_id": null,
            "workspace_id": "ws-ky4y8MfShXsX4pRJ"
          },
          "sensitive_attributes": [],
          "private": "eyJzY2hlbWFfdmVyc2lvbiI6IjEifQ==",
          "dependencies": [
            "data.tfe_organization.org",
            "tfe_oauth_client.creds",
            "tfe_workspace.build",
            "tfe_workspace.conf"
          ]
        }
      ]
    },
    {
      "mode": "managed",
      "type": "tfe_variable",
      "name": "ssh_allowed_ip",
      "provider": "provider[\"registry.terraform.io/hashicorp/tfe\"]",
      "instances": [
        {
          "schema_version": 1,
          "attributes": {
            "category": "terraform",
            "description": "range of authorized ip to connect to the instance",
            "hcl": false,
            "id": "var-5fsMtS5pfAofre3M",
            "key": "ssh_allowed_ip",
            "sensitive": false,
            "value": "0.0.0.0/0",
            "variable_set_id": null,
            "workspace_id": "ws-ky4y8MfShXsX4pRJ"
          },
          "sensitive_attributes": [],
          "private": "eyJzY2hlbWFfdmVyc2lvbiI6IjEifQ==",
          "dependencies": [
            "data.tfe_organization.org",
            "tfe_oauth_client.creds",
            "tfe_workspace.build",
            "tfe_workspace.conf"
          ]
        }
      ]
    },
    {
      "mode": "managed",
      "type": "tfe_workspace",
      "name": "build",
      "provider": "provider[\"registry.terraform.io/hashicorp/tfe\"]",
      "instances": [
        {
          "schema_version": 1,
          "attributes": {
            "agent_pool_id": "",
            "allow_destroy_plan": true,
            "assessments_enabled": false,
            "auto_apply": false,
            "description": "workspace to create the infra for the boundary demo",
            "execution_mode": "remote",
            "file_triggers_enabled": true,
            "global_remote_state": false,
            "id": "ws-ky4y8MfShXsX4pRJ",
            "name": "hcp-vault-boundary-infra2",
            "operations": true,
            "organization": "jpapazian-org",
            "queue_all_runs": true,
            "remote_state_consumer_ids": [
              "ws-DettLJDYoWfPkC2L"
            ],
            "speculative_enabled": true,
            "ssh_key_id": "",
            "structured_run_output_enabled": true,
            "tag_names": [
              "boundary",
              "hcp",
              "vault"
            ],
            "terraform_version": "1.3.1",
            "trigger_patterns": null,
            "trigger_prefixes": null,
            "vcs_repo": [
              {
                "branch": "",
                "identifier": "jpapazian2000/hcp-vault-boundary-infra",
                "ingress_submodules": false,
                "oauth_token_id": "ot-tgq4ZPFrU3QipaHY",
                "tags_regex": ""
              }
            ],
            "working_directory": ""
          },
          "sensitive_attributes": [],
          "private": "eyJzY2hlbWFfdmVyc2lvbiI6IjEifQ==",
          "dependencies": [
            "data.tfe_organization.org",
            "tfe_oauth_client.creds",
            "tfe_workspace.conf"
          ]
        }
      ]
    },
    {
      "mode": "managed",
      "type": "tfe_workspace",
      "name": "conf",
      "provider": "provider[\"registry.terraform.io/hashicorp/tfe\"]",
      "instances": [
        {
          "schema_version": 1,
          "attributes": {
            "agent_pool_id": "",
            "allow_destroy_plan": true,
            "assessments_enabled": false,
            "auto_apply": false,
            "description": "workspace to configure the infra for the boundary demo",
            "execution_mode": "remote",
            "file_triggers_enabled": true,
            "global_remote_state": false,
            "id": "ws-DettLJDYoWfPkC2L",
            "name": "hcp-vault-boundary-conf2",
            "operations": true,
            "organization": "jpapazian-org",
            "queue_all_runs": true,
            "remote_state_consumer_ids": [],
            "speculative_enabled": true,
            "ssh_key_id": "",
            "structured_run_output_enabled": true,
            "tag_names": [
              "boundary",
              "hcp",
              "vault"
            ],
            "terraform_version": "1.3.1",
            "trigger_patterns": [],
            "trigger_prefixes": [],
            "vcs_repo": [],
            "working_directory": ""
          },
          "sensitive_attributes": [],
          "private": "eyJzY2hlbWFfdmVyc2lvbiI6IjEifQ==",
          "dependencies": [
            "data.tfe_organization.org"
          ]
        }
      ]
    },
    {
      "mode": "managed",
      "type": "tfe_workspace_variable_set",
      "name": "aws_build",
      "provider": "provider[\"registry.terraform.io/hashicorp/tfe\"]",
      "instances": [
        {
          "schema_version": 0,
          "attributes": {
            "id": "ws-ky4y8MfShXsX4pRJ_varset-Eu9fwzc65S41bPEc",
            "variable_set_id": "varset-Eu9fwzc65S41bPEc",
            "workspace_id": "ws-ky4y8MfShXsX4pRJ"
          },
          "sensitive_attributes": [],
          "private": "bnVsbA==",
          "dependencies": [
            "data.tfe_organization.org",
            "data.tfe_variable_set.aws",
            "tfe_oauth_client.creds",
            "tfe_workspace.build",
            "tfe_workspace.conf"
          ]
        }
      ]
    },
    {
      "mode": "managed",
      "type": "tfe_workspace_variable_set",
      "name": "google_build",
      "provider": "provider[\"registry.terraform.io/hashicorp/tfe\"]",
      "instances": [
        {
          "schema_version": 0,
          "attributes": {
            "id": "ws-ky4y8MfShXsX4pRJ_varset-QRDGXCXsXzbLGN71",
            "variable_set_id": "varset-QRDGXCXsXzbLGN71",
            "workspace_id": "ws-ky4y8MfShXsX4pRJ"
          },
          "sensitive_attributes": [],
          "private": "bnVsbA==",
          "dependencies": [
            "data.tfe_organization.org",
            "data.tfe_variable_set.google",
            "tfe_oauth_client.creds",
            "tfe_workspace.build",
            "tfe_workspace.conf"
          ]
        }
      ]
    },
    {
      "mode": "managed",
      "type": "tfe_workspace_variable_set",
      "name": "google_conf",
      "provider": "provider[\"registry.terraform.io/hashicorp/tfe\"]",
      "instances": [
        {
          "schema_version": 0,
          "attributes": {
            "id": "ws-DettLJDYoWfPkC2L_varset-QRDGXCXsXzbLGN71",
            "variable_set_id": "varset-QRDGXCXsXzbLGN71",
            "workspace_id": "ws-DettLJDYoWfPkC2L"
          },
          "sensitive_attributes": [],
          "private": "bnVsbA==",
          "dependencies": [
            "data.tfe_organization.org",
            "data.tfe_variable_set.google",
            "tfe_workspace.conf"
          ]
        }
      ]
    },
    {
      "mode": "managed",
      "type": "tfe_workspace_variable_set",
      "name": "hcp_build",
      "provider": "provider[\"registry.terraform.io/hashicorp/tfe\"]",
      "instances": [
        {
          "schema_version": 0,
          "attributes": {
            "id": "ws-ky4y8MfShXsX4pRJ_varset-5FfTuLnBrf1QG56P",
            "variable_set_id": "varset-5FfTuLnBrf1QG56P",
            "workspace_id": "ws-ky4y8MfShXsX4pRJ"
          },
          "sensitive_attributes": [],
          "private": "bnVsbA==",
          "dependencies": [
            "data.tfe_organization.org",
            "data.tfe_variable_set.hcp",
            "tfe_oauth_client.creds",
            "tfe_workspace.build",
            "tfe_workspace.conf"
          ]
        }
      ]
    },
    {
      "mode": "managed",
      "type": "tfe_workspace_variable_set",
      "name": "hcp_conf",
      "provider": "provider[\"registry.terraform.io/hashicorp/tfe\"]",
      "instances": [
        {
          "schema_version": 0,
          "attributes": {
            "id": "ws-DettLJDYoWfPkC2L_varset-5FfTuLnBrf1QG56P",
            "variable_set_id": "varset-5FfTuLnBrf1QG56P",
            "workspace_id": "ws-DettLJDYoWfPkC2L"
          },
          "sensitive_attributes": [],
          "private": "bnVsbA==",
          "dependencies": [
            "data.tfe_organization.org",
            "data.tfe_variable_set.hcp",
            "tfe_workspace.conf"
          ]
        }
      ]
    },
    {
      "mode": "managed",
      "type": "tfe_workspace_variable_set",
      "name": "mandatory_tags_build",
      "provider": "provider[\"registry.terraform.io/hashicorp/tfe\"]",
      "instances": [
        {
          "schema_version": 0,
          "attributes": {
            "id": "ws-ky4y8MfShXsX4pRJ_varset-EX1GSHxEFMVQBQyu",
            "variable_set_id": "varset-EX1GSHxEFMVQBQyu",
            "workspace_id": "ws-ky4y8MfShXsX4pRJ"
          },
          "sensitive_attributes": [],
          "private": "bnVsbA==",
          "dependencies": [
            "data.tfe_organization.org",
            "data.tfe_variable_set.mandatory_tags",
            "tfe_oauth_client.creds",
            "tfe_workspace.build",
            "tfe_workspace.conf"
          ]
        }
      ]
    },
    {
      "mode": "managed",
      "type": "tfe_workspace_variable_set",
      "name": "mandatory_tags_conf",
      "provider": "provider[\"registry.terraform.io/hashicorp/tfe\"]",
      "instances": [
        {
          "schema_version": 0,
          "attributes": {
            "id": "ws-DettLJDYoWfPkC2L_varset-EX1GSHxEFMVQBQyu",
            "variable_set_id": "varset-EX1GSHxEFMVQBQyu",
            "workspace_id": "ws-DettLJDYoWfPkC2L"
          },
          "sensitive_attributes": [],
          "private": "bnVsbA==",
          "dependencies": [
            "data.tfe_organization.org",
            "data.tfe_variable_set.mandatory_tags",
            "tfe_workspace.conf"
          ]
        }
      ]
    }
  ]
}
